{
  "name": "NYCInfo",
  "version": "1.0.0",
  "lockfileVersion": 3,
  "requires": true,
  "packages": {
    "": {
      "name": "NYCInfo",
      "version": "1.0.0",
      "dependencies": {
        "@eonasdan/tempus-dominus": "^6.7.16"
      }
    },
    "node_modules/@eonasdan/tempus-dominus": {
      "version": "6.7.16",
      "resolved": "https://registry.npmjs.org/@eonasdan/tempus-dominus/-/tempus-dominus-6.7.16.tgz",
      "integrity": "sha512-9pVr34fpul5mHCMhljuBN+vlp8Djlor6RocdNp4IgVGDkhyv1hUewkY2/+K1b2gYzfAMVB57cohZUqgtpELGhw==",
      "funding": {
        "url": "https://ko-fi.com/eonasdan"
      },
      "peerDependencies": {
        "@popperjs/core": "^2.11.6"
      },
      "peerDependenciesMeta": {
        "@popperjs/core\"": {
          "optional": true
        }
      }
    }
  }
}
